
Microsoft Visual Studio Solution File, Format Version 12.00
# Visual Studio 15
VisualStudioVersion = 15.0.27703.2042
MinimumVisualStudioVersion = 10.0.40219.1
Project("{E24C65DC-7377-472B-9ABA-BC803B73C61A}") = "DMSPublishStatus", "DMSPublishStatus\", "{CCA359B8-D59C-4B73-BA8B-4E31D306A7A9}"
	ProjectSection(WebsiteProperties) = preProject
		TargetFrameworkMoniker = ".NETFramework,Version%3Dv4.5"
		Debug.AspNetCompiler.VirtualPath = "/localhost_65425"
		Debug.AspNetCompiler.PhysicalPath = "DMSPublishStatus\"
		Debug.AspNetCompiler.TargetPath = "PrecompiledWeb\localhost_65425\"
		Debug.AspNetCompiler.Updateable = "true"
		Debug.AspNetCompiler.ForceOverwrite = "true"
		Debug.AspNetCompiler.FixedNames = "false"
		Debug.AspNetCompiler.Debug = "True"
		Release.AspNetCompiler.VirtualPath = "/localhost_65425"
		Release.AspNetCompiler.PhysicalPath = "DMSPublishStatus\"
		Release.AspNetCompiler.TargetPath = "PrecompiledWeb\localhost_65425\"
		Release.AspNetCompiler.Updateable = "true"
		Release.AspNetCompiler.ForceOverwrite = "true"
		Release.AspNetCompiler.FixedNames = "false"
		Release.AspNetCompiler.Debug = "False"
		VWDPort = "65425"
		SlnRelativePath = "DMSPublishStatus\"
		DefaultWebSiteLanguage = "Visual C#"
	EndProjectSection
EndProject
Global
	GlobalSection(SolutionConfigurationPlatforms) = preSolution
		Debug|Any CPU = Debug|Any CPU
		Release|Any CPU = Release|Any CPU
	EndGlobalSection
	GlobalSection(ProjectConfigurationPlatforms) = postSolution
		{CCA359B8-D59C-4B73-BA8B-4E31D306A7A9}.Debug|Any CPU.ActiveCfg = Debug|Any CPU
		{CCA359B8-D59C-4B73-BA8B-4E31D306A7A9}.Debug|Any CPU.Build.0 = Debug|Any CPU
		{CCA359B8-D59C-4B73-BA8B-4E31D306A7A9}.Release|Any CPU.ActiveCfg = Debug|Any CPU
		{CCA359B8-D59C-4B73-BA8B-4E31D306A7A9}.Release|Any CPU.Build.0 = Debug|Any CPU
	EndGlobalSection
	GlobalSection(SolutionProperties) = preSolution
		HideSolutionNode = FALSE
	EndGlobalSection
	GlobalSection(ExtensibilityGlobals) = postSolution
		SolutionGuid = {A6DEB671-1D0A-4AA5-8D5B-D94F10A79567}
	EndGlobalSection
EndGlobal
